
Microsoft Visual Studio Solution File, Format Version 12.00
# Visual Studio 2013
VisualStudioVersion = 12.0.21005.1
MinimumVisualStudioVersion = 10.0.40219.1
Project("{FAE04EC0-301F-11D3-BF4B-00C04F79EFBC}") = "UI.Escritorio", "UI.Escritorio\UI.Escritorio.csproj", "{1A199700-BB72-4FFA-A638-5458902F5F60}"
EndProject
Project("{FAE04EC0-301F-11D3-BF4B-00C04F79EFBC}") = "Negocios", "Negocios\Negocios.csproj", "{572FE3FE-88DD-4F14-AD30-B778667D8019}"
EndProject
Project("{FAE04EC0-301F-11D3-BF4B-00C04F79EFBC}") = "Utiles", "Utiles\Utiles.csproj", "{E5F736B1-C856-4A07-8A27-9328BE205AB1}"
EndProject
Project("{FAE04EC0-301F-11D3-BF4B-00C04F79EFBC}") = "Entidades", "Entidades\Entidades.csproj", "{2D15247D-76D7-47A4-8A65-97AAD94F8054}"
EndProject
Project("{E24C65DC-7377-472B-9ABA-BC803B73C61A}") = "UI.Web(3)", "http://localhost:7057", "{7ED57563-60BD-47C5-BC0D-44B3997957D1}"
	ProjectSection(WebsiteProperties) = preProject
		UseIISExpress = "true"
		TargetFrameworkMoniker = ".NETFramework,Version%3Dv4.5"
		ProjectReferences = "{2d15247d-76d7-47a4-8a65-97aad94f8054}|Entidades.dll;{572fe3fe-88dd-4f14-ad30-b778667d8019}|Negocios.dll;{18D1C50F-58E0-4D94-B05B-4A95A146E6BB}|Data.Database.dll;"
		Debug.AspNetCompiler.VirtualPath = "/localhost_7057"
		Debug.AspNetCompiler.PhysicalPath = "UI.Web\"
		Debug.AspNetCompiler.TargetPath = "PrecompiledWeb\localhost_7057\"
		Debug.AspNetCompiler.Updateable = "true"
		Debug.AspNetCompiler.ForceOverwrite = "true"
		Debug.AspNetCompiler.FixedNames = "false"
		Debug.AspNetCompiler.Debug = "True"
		Release.AspNetCompiler.VirtualPath = "/localhost_7057"
		Release.AspNetCompiler.PhysicalPath = "UI.Web\"
		Release.AspNetCompiler.TargetPath = "PrecompiledWeb\localhost_7057\"
		Release.AspNetCompiler.Updateable = "true"
		Release.AspNetCompiler.ForceOverwrite = "true"
		Release.AspNetCompiler.FixedNames = "false"
		Release.AspNetCompiler.Debug = "False"
		SlnRelativePath = "UI.Web\"
		DefaultWebSiteLanguage = "Visual C#"
	EndProjectSection
EndProject
Project("{FAE04EC0-301F-11D3-BF4B-00C04F79EFBC}") = "Data.Database", "Data.Database\Data.Database\Data.Database.csproj", "{18D1C50F-58E0-4D94-B05B-4A95A146E6BB}"
EndProject
Project("{FAE04EC0-301F-11D3-BF4B-00C04F79EFBC}") = "UI.Consola", "UI.Consola\UI.Consola.csproj", "{F35486CD-7B99-471A-B2B5-9FFA8788FD34}"
EndProject
Global
	GlobalSection(SolutionConfigurationPlatforms) = preSolution
		Debug|Any CPU = Debug|Any CPU
		Release|Any CPU = Release|Any CPU
	EndGlobalSection
	GlobalSection(ProjectConfigurationPlatforms) = postSolution
		{1A199700-BB72-4FFA-A638-5458902F5F60}.Debug|Any CPU.ActiveCfg = Debug|Any CPU
		{1A199700-BB72-4FFA-A638-5458902F5F60}.Debug|Any CPU.Build.0 = Debug|Any CPU
		{1A199700-BB72-4FFA-A638-5458902F5F60}.Release|Any CPU.ActiveCfg = Release|Any CPU
		{1A199700-BB72-4FFA-A638-5458902F5F60}.Release|Any CPU.Build.0 = Release|Any CPU
		{572FE3FE-88DD-4F14-AD30-B778667D8019}.Debug|Any CPU.ActiveCfg = Debug|Any CPU
		{572FE3FE-88DD-4F14-AD30-B778667D8019}.Debug|Any CPU.Build.0 = Debug|Any CPU
		{572FE3FE-88DD-4F14-AD30-B778667D8019}.Release|Any CPU.ActiveCfg = Release|Any CPU
		{572FE3FE-88DD-4F14-AD30-B778667D8019}.Release|Any CPU.Build.0 = Release|Any CPU
		{E5F736B1-C856-4A07-8A27-9328BE205AB1}.Debug|Any CPU.ActiveCfg = Debug|Any CPU
		{E5F736B1-C856-4A07-8A27-9328BE205AB1}.Debug|Any CPU.Build.0 = Debug|Any CPU
		{E5F736B1-C856-4A07-8A27-9328BE205AB1}.Release|Any CPU.ActiveCfg = Release|Any CPU
		{E5F736B1-C856-4A07-8A27-9328BE205AB1}.Release|Any CPU.Build.0 = Release|Any CPU
		{2D15247D-76D7-47A4-8A65-97AAD94F8054}.Debug|Any CPU.ActiveCfg = Debug|Any CPU
		{2D15247D-76D7-47A4-8A65-97AAD94F8054}.Debug|Any CPU.Build.0 = Debug|Any CPU
		{2D15247D-76D7-47A4-8A65-97AAD94F8054}.Release|Any CPU.ActiveCfg = Release|Any CPU
		{2D15247D-76D7-47A4-8A65-97AAD94F8054}.Release|Any CPU.Build.0 = Release|Any CPU
		{7ED57563-60BD-47C5-BC0D-44B3997957D1}.Debug|Any CPU.ActiveCfg = Debug|Any CPU
		{7ED57563-60BD-47C5-BC0D-44B3997957D1}.Debug|Any CPU.Build.0 = Debug|Any CPU
		{7ED57563-60BD-47C5-BC0D-44B3997957D1}.Release|Any CPU.ActiveCfg = Debug|Any CPU
		{7ED57563-60BD-47C5-BC0D-44B3997957D1}.Release|Any CPU.Build.0 = Debug|Any CPU
		{18D1C50F-58E0-4D94-B05B-4A95A146E6BB}.Debug|Any CPU.ActiveCfg = Debug|Any CPU
		{18D1C50F-58E0-4D94-B05B-4A95A146E6BB}.Debug|Any CPU.Build.0 = Debug|Any CPU
		{18D1C50F-58E0-4D94-B05B-4A95A146E6BB}.Release|Any CPU.ActiveCfg = Release|Any CPU
		{18D1C50F-58E0-4D94-B05B-4A95A146E6BB}.Release|Any CPU.Build.0 = Release|Any CPU
		{F35486CD-7B99-471A-B2B5-9FFA8788FD34}.Debug|Any CPU.ActiveCfg = Debug|Any CPU
		{F35486CD-7B99-471A-B2B5-9FFA8788FD34}.Debug|Any CPU.Build.0 = Debug|Any CPU
		{F35486CD-7B99-471A-B2B5-9FFA8788FD34}.Release|Any CPU.ActiveCfg = Release|Any CPU
		{F35486CD-7B99-471A-B2B5-9FFA8788FD34}.Release|Any CPU.Build.0 = Release|Any CPU
	EndGlobalSection
	GlobalSection(SolutionProperties) = preSolution
		HideSolutionNode = FALSE
	EndGlobalSection
EndGlobal
